
Microsoft Visual Studio Solution File, Format Version 12.00
# Visual Studio 15
Project("{FAE04EC0-301F-11D3-BF4B-00C04F79EFBC}") = "Graphy002", "Graphy002.csproj", "{F662FA24-0F19-F0FD-85AB-A6AFF4E09D4D}"
EndProject
Global
	GlobalSection(SolutionConfigurationPlatforms) = preSolution
		Debug|Any CPU = Debug|Any CPU
		Release|Any CPU = Release|Any CPU
	EndGlobalSection
	GlobalSection(ProjectConfigurationPlatforms) = postSolution
		{F662FA24-0F19-F0FD-85AB-A6AFF4E09D4D}.Debug|Any CPU.ActiveCfg = Debug|Any CPU
		{F662FA24-0F19-F0FD-85AB-A6AFF4E09D4D}.Debug|Any CPU.Build.0 = Debug|Any CPU
		{F662FA24-0F19-F0FD-85AB-A6AFF4E09D4D}.Release|Any CPU.ActiveCfg = Release|Any CPU
		{F662FA24-0F19-F0FD-85AB-A6AFF4E09D4D}.Release|Any CPU.Build.0 = Release|Any CPU
	EndGlobalSection
	GlobalSection(SolutionProperties) = preSolution
		HideSolutionNode = FALSE
	EndGlobalSection
EndGlobal
